
Microsoft Visual Studio Solution File, Format Version 12.00
# Visual Studio Version 17
VisualStudioVersion = 17.7.34221.43
MinimumVisualStudioVersion = 10.0.40219.1
Project("{FAE04EC0-301F-11D3-BF4B-00C04F79EFBC}") = "NameExc", "NameExc\NameExc.csproj", "{043A6244-D3C8-4A7D-B4B5-01030BCEB098}"
EndProject
Global
	GlobalSection(SolutionConfigurationPlatforms) = preSolution
		Debug|Any CPU = Debug|Any CPU
		Release|Any CPU = Release|Any CPU
	EndGlobalSection
	GlobalSection(ProjectConfigurationPlatforms) = postSolution
		{043A6244-D3C8-4A7D-B4B5-01030BCEB098}.Debug|Any CPU.ActiveCfg = Debug|Any CPU
		{043A6244-D3C8-4A7D-B4B5-01030BCEB098}.Debug|Any CPU.Build.0 = Debug|Any CPU
		{043A6244-D3C8-4A7D-B4B5-01030BCEB098}.Release|Any CPU.ActiveCfg = Release|Any CPU
		{043A6244-D3C8-4A7D-B4B5-01030BCEB098}.Release|Any CPU.Build.0 = Release|Any CPU
	EndGlobalSection
	GlobalSection(SolutionProperties) = preSolution
		HideSolutionNode = FALSE
	EndGlobalSection
	GlobalSection(ExtensibilityGlobals) = postSolution
		SolutionGuid = {4196CBCE-293C-4284-A3F5-1873C6472D60}
	EndGlobalSection
EndGlobal
