
Microsoft Visual Studio Solution File, Format Version 12.00
# Visual Studio Version 17
VisualStudioVersion = 17.7.34221.43
MinimumVisualStudioVersion = 10.0.40219.1
Project("{FAE04EC0-301F-11D3-BF4B-00C04F79EFBC}") = "Array-Exercise", "Array-Exercise\Array-Exercise.csproj", "{D306961B-5828-4E99-8286-5156D72B71D6}"
EndProject
Global
	GlobalSection(SolutionConfigurationPlatforms) = preSolution
		Debug|Any CPU = Debug|Any CPU
		Release|Any CPU = Release|Any CPU
	EndGlobalSection
	GlobalSection(ProjectConfigurationPlatforms) = postSolution
		{D306961B-5828-4E99-8286-5156D72B71D6}.Debug|Any CPU.ActiveCfg = Debug|Any CPU
		{D306961B-5828-4E99-8286-5156D72B71D6}.Debug|Any CPU.Build.0 = Debug|Any CPU
		{D306961B-5828-4E99-8286-5156D72B71D6}.Release|Any CPU.ActiveCfg = Release|Any CPU
		{D306961B-5828-4E99-8286-5156D72B71D6}.Release|Any CPU.Build.0 = Release|Any CPU
	EndGlobalSection
	GlobalSection(SolutionProperties) = preSolution
		HideSolutionNode = FALSE
	EndGlobalSection
	GlobalSection(ExtensibilityGlobals) = postSolution
		SolutionGuid = {7289F8B2-5F7C-4319-A21D-2CA3EF96ED0A}
	EndGlobalSection
EndGlobal
