
Microsoft Visual Studio Solution File, Format Version 12.00
# Visual Studio Version 17
VisualStudioVersion = 17.7.34221.43
MinimumVisualStudioVersion = 10.0.40219.1
Project("{FAE04EC0-301F-11D3-BF4B-00C04F79EFBC}") = "CarExc", "CarExc\CarExc.csproj", "{30CCF466-F780-49D4-92DC-8D68BBABCE94}"
EndProject
Global
	GlobalSection(SolutionConfigurationPlatforms) = preSolution
		Debug|Any CPU = Debug|Any CPU
		Release|Any CPU = Release|Any CPU
	EndGlobalSection
	GlobalSection(ProjectConfigurationPlatforms) = postSolution
		{30CCF466-F780-49D4-92DC-8D68BBABCE94}.Debug|Any CPU.ActiveCfg = Debug|Any CPU
		{30CCF466-F780-49D4-92DC-8D68BBABCE94}.Debug|Any CPU.Build.0 = Debug|Any CPU
		{30CCF466-F780-49D4-92DC-8D68BBABCE94}.Release|Any CPU.ActiveCfg = Release|Any CPU
		{30CCF466-F780-49D4-92DC-8D68BBABCE94}.Release|Any CPU.Build.0 = Release|Any CPU
	EndGlobalSection
	GlobalSection(SolutionProperties) = preSolution
		HideSolutionNode = FALSE
	EndGlobalSection
	GlobalSection(ExtensibilityGlobals) = postSolution
		SolutionGuid = {6DE4B8F7-5CFC-4876-8E3D-6A7D2ABB74A4}
	EndGlobalSection
EndGlobal
